
Microsoft Visual Studio Solution File, Format Version 12.00
# Visual Studio Version 17
VisualStudioVersion = 17.10.35122.118
MinimumVisualStudioVersion = 10.0.40219.1
Project("{FAE04EC0-301F-11D3-BF4B-00C04F79EFBC}") = "Bemol.Customer.Api", "src\Bemol.Customer.Api\Bemol.Customer.Api.csproj", "{450E92AD-4050-4E82-82E6-41F2B6A8DB6F}"
EndProject
Global
	GlobalSection(SolutionConfigurationPlatforms) = preSolution
		Debug|Any CPU = Debug|Any CPU
		Release|Any CPU = Release|Any CPU
	EndGlobalSection
	GlobalSection(ProjectConfigurationPlatforms) = postSolution
		{450E92AD-4050-4E82-82E6-41F2B6A8DB6F}.Debug|Any CPU.ActiveCfg = Debug|Any CPU
		{450E92AD-4050-4E82-82E6-41F2B6A8DB6F}.Debug|Any CPU.Build.0 = Debug|Any CPU
		{450E92AD-4050-4E82-82E6-41F2B6A8DB6F}.Release|Any CPU.ActiveCfg = Release|Any CPU
		{450E92AD-4050-4E82-82E6-41F2B6A8DB6F}.Release|Any CPU.Build.0 = Release|Any CPU
	EndGlobalSection
	GlobalSection(SolutionProperties) = preSolution
		HideSolutionNode = FALSE
	EndGlobalSection
	GlobalSection(ExtensibilityGlobals) = postSolution
		SolutionGuid = {B7CBB404-8983-4B06-B278-7BFCCD88D7C1}
	EndGlobalSection
EndGlobal
